// !$*UTF8*$!
{
	archiveVersion = 1;
	classes = {
	};
	objectVersion = 46;
	objects = {

/* Begin PBXBuildFile section */
		53819E371BDF16F50035ADEA /* main.m in Sources */ = {isa = PBXBuildFile; fileRef = 53819E361BDF16F50035ADEA /* main.m */; };
		53819E3A1BDF16F50035ADEA /* AppDelegate.m in Sources */ = {isa = PBXBuildFile; fileRef = 53819E391BDF16F50035ADEA /* AppDelegate.m */; };
		53819E3C1BDF16F50035ADEA /* Images.xcassets in Resources */ = {isa = PBXBuildFile; fileRef = 53819E3B1BDF16F50035ADEA /* Images.xcassets */; };
		53819E3F1BDF16F50035ADEA /* LaunchScreen.xib in Resources */ = {isa = PBXBuildFile; fileRef = 53819E3D1BDF16F50035ADEA /* LaunchScreen.xib */; };
		53819E4B1BDF16F50035ADEA /* FireManagerTests.m in Sources */ = {isa = PBXBuildFile; fileRef = 53819E4A1BDF16F50035ADEA /* FireManagerTests.m */; };
		53819E551BDF17800035ADEA /* Main.storyboard in Resources */ = {isa = PBXBuildFile; fileRef = 53819E541BDF17800035ADEA /* Main.storyboard */; };
		53819E5A1BDF4D5D0035ADEA /* NormalObjectViewController.m in Sources */ = {isa = PBXBuildFile; fileRef = 53819E591BDF4D5D0035ADEA /* NormalObjectViewController.m */; };
		53819E5D1BDF64860035ADEA /* person.m in Sources */ = {isa = PBXBuildFile; fileRef = 53819E5C1BDF64860035ADEA /* person.m */; };
		53819E601BDF65AF0035ADEA /* ComplexViewController.m in Sources */ = {isa = PBXBuildFile; fileRef = 53819E5F1BDF65AF0035ADEA /* ComplexViewController.m */; };
		53819E631BDF72E30035ADEA /* FileGroupViewController.m in Sources */ = {isa = PBXBuildFile; fileRef = 53819E621BDF72E30035ADEA /* FileGroupViewController.m */; };
/* End PBXBuildFile section */

/* Begin PBXContainerItemProxy section */
		53819E451BDF16F50035ADEA /* PBXContainerItemProxy */ = {
			isa = PBXContainerItemProxy;
			containerPortal = 53819E291BDF16F50035ADEA /* Project object */;
			proxyType = 1;
			remoteGlobalIDString = 53819E301BDF16F50035ADEA;
			remoteInfo = FireManager;
		};
/* End PBXContainerItemProxy section */

/* Begin PBXFileReference section */
		53819E311BDF16F50035ADEA /* FireManager.app */ = {isa = PBXFileReference; explicitFileType = wrapper.application; includeInIndex = 0; path = FireManager.app; sourceTree = BUILT_PRODUCTS_DIR; };
		53819E351BDF16F50035ADEA /* Info.plist */ = {isa = PBXFileReference; lastKnownFileType = text.plist.xml; path = Info.plist; sourceTree = "<group>"; };
		53819E361BDF16F50035ADEA /* main.m */ = {isa = PBXFileReference; lastKnownFileType = sourcecode.c.objc; path = main.m; sourceTree = "<group>"; };
		53819E381BDF16F50035ADEA /* AppDelegate.h */ = {isa = PBXFileReference; lastKnownFileType = sourcecode.c.h; path = AppDelegate.h; sourceTree = "<group>"; };
		53819E391BDF16F50035ADEA /* AppDelegate.m */ = {isa = PBXFileReference; lastKnownFileType = sourcecode.c.objc; path = AppDelegate.m; sourceTree = "<group>"; };
		53819E3B1BDF16F50035ADEA /* Images.xcassets */ = {isa = PBXFileReference; lastKnownFileType = folder.assetcatalog; path = Images.xcassets; sourceTree = "<group>"; };
		53819E3E1BDF16F50035ADEA /* Base */ = {isa = PBXFileReference; lastKnownFileType = file.xib; name = Base; path = Base.lproj/LaunchScreen.xib; sourceTree = "<group>"; };
		53819E441BDF16F50035ADEA /* FireManagerTests.xctest */ = {isa = PBXFileReference; explicitFileType = wrapper.cfbundle; includeInIndex = 0; path = FireManagerTests.xctest; sourceTree = BUILT_PRODUCTS_DIR; };
		53819E491BDF16F50035ADEA /* Info.plist */ = {isa = PBXFileReference; lastKnownFileType = text.plist.xml; path = Info.plist; sourceTree = "<group>"; };
		53819E4A1BDF16F50035ADEA /* FireManagerTests.m */ = {isa = PBXFileReference; lastKnownFileType = sourcecode.c.objc; path = FireManagerTests.m; sourceTree = "<group>"; };
		53819E541BDF17800035ADEA /* Main.storyboard */ = {isa = PBXFileReference; fileEncoding = 4; lastKnownFileType = file.storyboard; path = Main.storyboard; sourceTree = "<group>"; };
		53819E581BDF4D5D0035ADEA /* NormalObjectViewController.h */ = {isa = PBXFileReference; fileEncoding = 4; lastKnownFileType = sourcecode.c.h; path = NormalObjectViewController.h; sourceTree = "<group>"; };
		53819E591BDF4D5D0035ADEA /* NormalObjectViewController.m */ = {isa = PBXFileReference; fileEncoding = 4; lastKnownFileType = sourcecode.c.objc; path = NormalObjectViewController.m; sourceTree = "<group>"; };
		53819E5B1BDF64860035ADEA /* person.h */ = {isa = PBXFileReference; fileEncoding = 4; lastKnownFileType = sourcecode.c.h; path = person.h; sourceTree = "<group>"; };
		53819E5C1BDF64860035ADEA /* person.m */ = {isa = PBXFileReference; fileEncoding = 4; lastKnownFileType = sourcecode.c.objc; path = person.m; sourceTree = "<group>"; };
		53819E5E1BDF65AF0035ADEA /* ComplexViewController.h */ = {isa = PBXFileReference; fileEncoding = 4; lastKnownFileType = sourcecode.c.h; path = ComplexViewController.h; sourceTree = "<group>"; };
		53819E5F1BDF65AF0035ADEA /* ComplexViewController.m */ = {isa = PBXFileReference; fileEncoding = 4; lastKnownFileType = sourcecode.c.objc; path = ComplexViewController.m; sourceTree = "<group>"; };
		53819E611BDF72E30035ADEA /* FileGroupViewController.h */ = {isa = PBXFileReference; fileEncoding = 4; lastKnownFileType = sourcecode.c.h; path = FileGroupViewController.h; sourceTree = "<group>"; };
		53819E621BDF72E30035ADEA /* FileGroupViewController.m */ = {isa = PBXFileReference; fileEncoding = 4; lastKnownFileType = sourcecode.c.objc; path = FileGroupViewController.m; sourceTree = "<group>"; };
/* End PBXFileReference section */

/* Begin PBXFrameworksBuildPhase section */
		53819E2E1BDF16F50035ADEA /* Frameworks */ = {
			isa = PBXFrameworksBuildPhase;
			buildActionMask = 2147483647;
			files = (
			);
			runOnlyForDeploymentPostprocessing = 0;
		};
		53819E411BDF16F50035ADEA /* Frameworks */ = {
			isa = PBXFrameworksBuildPhase;
			buildActionMask = 2147483647;
			files = (
			);
			runOnlyForDeploymentPostprocessing = 0;
		};
/* End PBXFrameworksBuildPhase section */

/* Begin PBXGroup section */
		53819E281BDF16F50035ADEA = {
			isa = PBXGroup;
			children = (
				53819E331BDF16F50035ADEA /* FireManager */,
				53819E471BDF16F50035ADEA /* FireManagerTests */,
				53819E321BDF16F50035ADEA /* Products */,
			);
			sourceTree = "<group>";
		};
		53819E321BDF16F50035ADEA /* Products */ = {
			isa = PBXGroup;
			children = (
				53819E311BDF16F50035ADEA /* FireManager.app */,
				53819E441BDF16F50035ADEA /* FireManagerTests.xctest */,
			);
			name = Products;
			sourceTree = "<group>";
		};
		53819E331BDF16F50035ADEA /* FireManager */ = {
			isa = PBXGroup;
			children = (
				53819E381BDF16F50035ADEA /* AppDelegate.h */,
				53819E391BDF16F50035ADEA /* AppDelegate.m */,
				53819E581BDF4D5D0035ADEA /* NormalObjectViewController.h */,
				53819E591BDF4D5D0035ADEA /* NormalObjectViewController.m */,
				53819E5E1BDF65AF0035ADEA /* ComplexViewController.h */,
				53819E5F1BDF65AF0035ADEA /* ComplexViewController.m */,
				53819E611BDF72E30035ADEA /* FileGroupViewController.h */,
				53819E621BDF72E30035ADEA /* FileGroupViewController.m */,
				53819E5B1BDF64860035ADEA /* person.h */,
				53819E5C1BDF64860035ADEA /* person.m */,
				53819E541BDF17800035ADEA /* Main.storyboard */,
				53819E3B1BDF16F50035ADEA /* Images.xcassets */,
				53819E3D1BDF16F50035ADEA /* LaunchScreen.xib */,
				53819E341BDF16F50035ADEA /* Supporting Files */,
			);
			path = FireManager;
			sourceTree = "<group>";
		};
		53819E341BDF16F50035ADEA /* Supporting Files */ = {
			isa = PBXGroup;
			children = (
				53819E351BDF16F50035ADEA /* Info.plist */,
				53819E361BDF16F50035ADEA /* main.m */,
			);
			name = "Supporting Files";
			sourceTree = "<group>";
		};
		53819E471BDF16F50035ADEA /* FireManagerTests */ = {
			isa = PBXGroup;
			children = (
				53819E4A1BDF16F50035ADEA /* FireManagerTests.m */,
				53819E481BDF16F50035ADEA /* Supporting Files */,
			);
			path = FireManagerTests;
			sourceTree = "<group>";
		};
		53819E481BDF16F50035ADEA /* Supporting Files */ = {
			isa = PBXGroup;
			children = (
				53819E491BDF16F50035ADEA /* Info.plist */,
			);
			name = "Supporting Files";
			sourceTree = "<group>";
		};
/* End PBXGroup section */

/* Begin PBXNativeTarget section */
		53819E301BDF16F50035ADEA /* FireManager */ = {
			isa = PBXNativeTarget;
			buildConfigurationList = 53819E4E1BDF16F50035ADEA /* Build configuration list for PBXNativeTarget "FireManager" */;
			buildPhases = (
				53819E2D1BDF16F50035ADEA /* Sources */,
				53819E2E1BDF16F50035ADEA /* Frameworks */,
				53819E2F1BDF16F50035ADEA /* Resources */,
			);
			buildRules = (
			);
			dependencies = (
			);
			name = FireManager;
			productName = FireManager;
			productReference = 53819E311BDF16F50035ADEA /* FireManager.app */;
			productType = "com.apple.product-type.application";
		};
		53819E431BDF16F50035ADEA /* FireManagerTests */ = {
			isa = PBXNativeTarget;
			buildConfigurationList = 53819E511BDF16F50035ADEA /* Build configuration list for PBXNativeTarget "FireManagerTests" */;
			buildPhases = (
				53819E401BDF16F50035ADEA /* Sources */,
				53819E411BDF16F50035ADEA /* Frameworks */,
				53819E421BDF16F50035ADEA /* Resources */,
			);
			buildRules = (
			);
			dependencies = (
				53819E461BDF16F50035ADEA /* PBXTargetDependency */,
			);
			name = FireManagerTests;
			productName = FireManagerTests;
			productReference = 53819E441BDF16F50035ADEA /* FireManagerTests.xctest */;
			productType = "com.apple.product-type.bundle.unit-test";
		};
/* End PBXNativeTarget section */

/* Begin PBXProject section */
		53819E291BDF16F50035ADEA /* Project object */ = {
			isa = PBXProject;
			attributes = {
				LastUpgradeCheck = 0630;
				ORGANIZATIONNAME = weiwei;
				TargetAttributes = {
					53819E301BDF16F50035ADEA = {
						CreatedOnToolsVersion = 6.3.1;
					};
					53819E431BDF16F50035ADEA = {
						CreatedOnToolsVersion = 6.3.1;
						TestTargetID = 53819E301BDF16F50035ADEA;
					};
				};
			};
			buildConfigurationList = 53819E2C1BDF16F50035ADEA /* Build configuration list for PBXProject "FireManager" */;
			compatibilityVersion = "Xcode 3.2";
			developmentRegion = English;
			hasScannedForEncodings = 0;
			knownRegions = (
				en,
				Base,
			);
			mainGroup = 53819E281BDF16F50035ADEA;
			productRefGroup = 53819E321BDF16F50035ADEA /* Products */;
			projectDirPath = "";
			projectRoot = "";
			targets = (
				53819E301BDF16F50035ADEA /* FireManager */,
				53819E431BDF16F50035ADEA /* FireManagerTests */,
			);
		};
/* End PBXProject section */

/* Begin PBXResourcesBuildPhase section */
		53819E2F1BDF16F50035ADEA /* Resources */ = {
			isa = PBXResourcesBuildPhase;
			buildActionMask = 2147483647;
			files = (
				53819E551BDF17800035ADEA /* Main.storyboard in Resources */,
				53819E3F1BDF16F50035ADEA /* LaunchScreen.xib in Resources */,
				53819E3C1BDF16F50035ADEA /* Images.xcassets in Resources */,
			);
			runOnlyForDeploymentPostprocessing = 0;
		};
		53819E421BDF16F50035ADEA /* Resources */ = {
			isa = PBXResourcesBuildPhase;
			buildActionMask = 2147483647;
			files = (
			);
			runOnlyForDeploymentPostprocessing = 0;
		};
/* End PBXResourcesBuildPhase section */

/* Begin PBXSourcesBuildPhase section */
		53819E2D1BDF16F50035ADEA /* Sources */ = {
			isa = PBXSourcesBuildPhase;
			buildActionMask = 2147483647;
			files = (
				53819E631BDF72E30035ADEA /* FileGroupViewController.m in Sources */,
				53819E3A1BDF16F50035ADEA /* AppDelegate.m in Sources */,
				53819E5A1BDF4D5D0035ADEA /* NormalObjectViewController.m in Sources */,
				53819E601BDF65AF0035ADEA /* ComplexViewController.m in Sources */,
				53819E5D1BDF64860035ADEA /* person.m in Sources */,
				53819E371BDF16F50035ADEA /* main.m in Sources */,
			);
			runOnlyForDeploymentPostprocessing = 0;
		};
		53819E401BDF16F50035ADEA /* Sources */ = {
			isa = PBXSourcesBuildPhase;
			buildActionMask = 2147483647;
			files = (
				53819E4B1BDF16F50035ADEA /* FireManagerTests.m in Sources */,
			);
			runOnlyForDeploymentPostprocessing = 0;
		};
/* End PBXSourcesBuildPhase section */

/* Begin PBXTargetDependency section */
		53819E461BDF16F50035ADEA /* PBXTargetDependency */ = {
			isa = PBXTargetDependency;
			target = 53819E301BDF16F50035ADEA /* FireManager */;
			targetProxy = 53819E451BDF16F50035ADEA /* PBXContainerItemProxy */;
		};
/* End PBXTargetDependency section */

/* Begin PBXVariantGroup section */
		53819E3D1BDF16F50035ADEA /* LaunchScreen.xib */ = {
			isa = PBXVariantGroup;
			children = (
				53819E3E1BDF16F50035ADEA /* Base */,
			);
			name = LaunchScreen.xib;
			sourceTree = "<group>";
		};
/* End PBXVariantGroup section */

/* Begin XCBuildConfiguration section */
		53819E4C1BDF16F50035ADEA /* Debug */ = {
			isa = XCBuildConfiguration;
			buildSettings = {
				ALWAYS_SEARCH_USER_PATHS = NO;
				CLANG_CXX_LANGUAGE_STANDARD = "gnu++0x";
				CLANG_CXX_LIBRARY = "libc++";
				CLANG_ENABLE_MODULES = YES;
				CLANG_ENABLE_OBJC_ARC = YES;
				CLANG_WARN_BOOL_CONVERSION = YES;
				CLANG_WARN_CONSTANT_CONVERSION = YES;
				CLANG_WARN_DIRECT_OBJC_ISA_USAGE = YES_ERROR;
				CLANG_WARN_EMPTY_BODY = YES;
				CLANG_WARN_ENUM_CONVERSION = YES;
				CLANG_WARN_INT_CONVERSION = YES;
				CLANG_WARN_OBJC_ROOT_CLASS = YES_ERROR;
				CLANG_WARN_UNREACHABLE_CODE = YES;
				CLANG_WARN__DUPLICATE_METHOD_MATCH = YES;
				"CODE_SIGN_IDENTITY[sdk=iphoneos*]" = "iPhone Developer";
				COPY_PHASE_STRIP = NO;
				DEBUG_INFORMATION_FORMAT = "dwarf-with-dsym";
				ENABLE_STRICT_OBJC_MSGSEND = YES;
				GCC_C_LANGUAGE_STANDARD = gnu99;
				GCC_DYNAMIC_NO_PIC = NO;
				GCC_NO_COMMON_BLOCKS = YES;
				GCC_OPTIMIZATION_LEVEL = 0;
				GCC_PREPROCESSOR_DEFINITIONS = (
					"DEBUG=1",
					"$(inherited)",
				);
				GCC_SYMBOLS_PRIVATE_EXTERN = NO;
				GCC_WARN_64_TO_32_BIT_CONVERSION = YES;
				GCC_WARN_ABOUT_RETURN_TYPE = YES_ERROR;
				GCC_WARN_UNDECLARED_SELECTOR = YES;
				GCC_WARN_UNINITIALIZED_AUTOS = YES_AGGRESSIVE;
				GCC_WARN_UNUSED_FUNCTION = YES;
				GCC_WARN_UNUSED_VARIABLE = YES;
				IPHONEOS_DEPLOYMENT_TARGET = 8.3;
				MTL_ENABLE_DEBUG_INFO = YES;
				ONLY_ACTIVE_ARCH = YES;
				SDKROOT = iphoneos;
			};
			name = Debug;
		};
		53819E4D1BDF16F50035ADEA /* Release */ = {
			isa = XCBuildConfiguration;
			buildSettings = {
				ALWAYS_SEARCH_USER_PATHS = NO;
				CLANG_CXX_LANGUAGE_STANDARD = "gnu++0x";
				CLANG_CXX_LIBRARY = "libc++";
				CLANG_ENABLE_MODULES = YES;
				CLANG_ENABLE_OBJC_ARC = YES;
				CLANG_WARN_BOOL_CONVERSION = YES;
				CLANG_WARN_CONSTANT_CONVERSION = YES;
				CLANG_WARN_DIRECT_OBJC_ISA_USAGE = YES_ERROR;
				CLANG_WARN_EMPTY_BODY = YES;
				CLANG_WARN_ENUM_CONVERSION = YES;
				CLANG_WARN_INT_CONVERSION = YES;
				CLANG_WARN_OBJC_ROOT_CLASS = YES_ERROR;
				CLANG_WARN_UNREACHABLE_CODE = YES;
				CLANG_WARN__DUPLICATE_METHOD_MATCH = YES;
				"CODE_SIGN_IDENTITY[sdk=iphoneos*]" = "iPhone Developer";
				COPY_PHASE_STRIP = NO;
				DEBUG_INFORMATION_FORMAT = "dwarf-with-dsym";
				ENABLE_NS_ASSERTIONS = NO;
				ENABLE_STRICT_OBJC_MSGSEND = YES;
				GCC_C_LANGUAGE_STANDARD = gnu99;
				GCC_NO_COMMON_BLOCKS = YES;
				GCC_WARN_64_TO_32_BIT_CONVERSION = YES;
				GCC_WARN_ABOUT_RETURN_TYPE = YES_ERROR;
				GCC_WARN_UNDECLARED_SELECTOR = YES;
				GCC_WARN_UNINITIALIZED_AUTOS = YES_AGGRESSIVE;
				GCC_WARN_UNUSED_FUNCTION = YES;
				GCC_WARN_UNUSED_VARIABLE = YES;
				IPHONEOS_DEPLOYMENT_TARGET = 8.3;
				MTL_ENABLE_DEBUG_INFO = NO;
				SDKROOT = iphoneos;
				VALIDATE_PRODUCT = YES;
			};
			name = Release;
		};
		53819E4F1BDF16F50035ADEA /* Debug */ = {
			isa = XCBuildConfiguration;
			buildSettings = {
				ASSETCATALOG_COMPILER_APPICON_NAME = AppIcon;
				CLANG_ENABLE_OBJC_ARC = NO;
				INFOPLIST_FILE = FireManager/Info.plist;
				LD_RUNPATH_SEARCH_PATHS = "$(inherited) @executable_path/Frameworks";
				PRODUCT_NAME = "$(TARGET_NAME)";
			};
			name = Debug;
		};
		53819E501BDF16F50035ADEA /* Release */ = {
			isa = XCBuildConfiguration;
			buildSettings = {
				ASSETCATALOG_COMPILER_APPICON_NAME = AppIcon;
				CLANG_ENABLE_OBJC_ARC = NO;
				INFOPLIST_FILE = FireManager/Info.plist;
				LD_RUNPATH_SEARCH_PATHS = "$(inherited) @executable_path/Frameworks";
				PRODUCT_NAME = "$(TARGET_NAME)";
			};
			name = Release;
		};
		53819E521BDF16F50035ADEA /* Debug */ = {
			isa = XCBuildConfiguration;
			buildSettings = {
				BUNDLE_LOADER = "$(TEST_HOST)";
				FRAMEWORK_SEARCH_PATHS = (
					"$(SDKROOT)/Developer/Library/Frameworks",
					"$(inherited)",
				);
				GCC_PREPROCESSOR_DEFINITIONS = (
					"DEBUG=1",
					"$(inherited)",
				);
				INFOPLIST_FILE = FireManagerTests/Info.plist;
				LD_RUNPATH_SEARCH_PATHS = "$(inherited) @executable_path/Frameworks @loader_path/Frameworks";
				PRODUCT_NAME = "$(TARGET_NAME)";
				TEST_HOST = "$(BUILT_PRODUCTS_DIR)/FireManager.app/FireManager";
			};
			name = Debug;
		};
		53819E531BDF16F50035ADEA /* Release */ = {
			isa = XCBuildConfiguration;
			buildSettings = {
				BUNDLE_LOADER = "$(TEST_HOST)";
				FRAMEWORK_SEARCH_PATHS = (
					"$(SDKROOT)/Developer/Library/Frameworks",
					"$(inherited)",
				);
				INFOPLIST_FILE = FireManagerTests/Info.plist;
				LD_RUNPATH_SEARCH_PATHS = "$(inherited) @executable_path/Frameworks @loader_path/Frameworks";
				PRODUCT_NAME = "$(TARGET_NAME)";
				TEST_HOST = "$(BUILT_PRODUCTS_DIR)/FireManager.app/FireManager";
			};
			name = Release;
		};
/* End XCBuildConfiguration section */

/* Begin XCConfigurationList section */
		53819E2C1BDF16F50035ADEA /* Build configuration list for PBXProject "FireManager" */ = {
			isa = XCConfigurationList;
			buildConfigurations = (
				53819E4C1BDF16F50035ADEA /* Debug */,
				53819E4D1BDF16F50035ADEA /* Release */,
			);
			defaultConfigurationIsVisible = 0;
			defaultConfigurationName = Release;
		};
		53819E4E1BDF16F50035ADEA /* Build configuration list for PBXNativeTarget "FireManager" */ = {
			isa = XCConfigurationList;
			buildConfigurations = (
				53819E4F1BDF16F50035ADEA /* Debug */,
				53819E501BDF16F50035ADEA /* Release */,
			);
			defaultConfigurationIsVisible = 0;
		};
		53819E511BDF16F50035ADEA /* Build configuration list for PBXNativeTarget "FireManagerTests" */ = {
			isa = XCConfigurationList;
			buildConfigurations = (
				53819E521BDF16F50035ADEA /* Debug */,
				53819E531BDF16F50035ADEA /* Release */,
			);
			defaultConfigurationIsVisible = 0;
		};
/* End XCConfigurationList section */
	};
	rootObject = 53819E291BDF16F50035ADEA /* Project object */;
}
